{
  "requires": true,
  "lockfileVersion": 1,
  "dependencies": {
    "ag-grid-community": {
      "version": "24.1.0",
      "resolved": "https://registry.npmjs.org/ag-grid-community/-/ag-grid-community-24.1.0.tgz",
      "integrity": "sha512-pWnWphuDcejZ8ahf6C734EpCx3XQ6dHEZWMWTlCdHNT0mZBLJ4YKCGACX+ttAEtSX2MGM3G13JncvuratUlYag=="
    },
    "ag-grid-vue": {
      "version": "24.1.1",
      "resolved": "https://registry.npmjs.org/ag-grid-vue/-/ag-grid-vue-24.1.1.tgz",
      "integrity": "sha512-MDfBtdEYXDMllZXyBVGGLGIOx0B/5etF7dwqaxuuFWUYd78NeglZkZ1gdkfUg1nc+3coG9V4+Egd2me9zExn/g=="
    },
    "vue-property-decorator": {
      "version": "9.1.2",
      "resolved": "https://registry.npmjs.org/vue-property-decorator/-/vue-property-decorator-9.1.2.tgz",
      "integrity": "sha512-xYA8MkZynPBGd/w5QFJ2d/NM0z/YeegMqYTphy7NJQXbZcuU6FC6AOdUAcy4SXP+YnkerC6AfH+ldg7PDk9ESQ=="
    }
  }
}
